Microsoft Visual Studio Solution File, Format Version 12.00
# Visual Studio Version 16
VisualStudioVersion = 16.0.0.0
MinimumVisualStudioVersion = 16.0.0.0
Project("{9A19103F-16F7-4668-BE54-9A1E7A4F7556}") = "BlazorWebAssemblyWithIdentity.Server", "Server\BlazorWebAssemblyWithIdentity.Server.csproj", "{AE9FDC6B-4D8C-45CC-AA5C-E8FF79C33722}"
EndProject
Project("{9A19103F-16F7-4668-BE54-9A1E7A4F7556}") = "BlazorWebAssemblyWithIdentity.Client", "Client\BlazorWebAssemblyWithIdentity.Client.csproj", "{C608387D-0034-44A2-B1C6-07F4B455FC0D}"
EndProject
Project("{9A19103F-16F7-4668-BE54-9A1E7A4F7556}") = "BlazorWebAssemblyWithIdentity.Shared", "Shared\BlazorWebAssemblyWithIdentity.Shared.csproj", "{521E275D-C196-4CCD-96E9-C122C3536F4B}"
EndProject
Global
	GlobalSection(SolutionConfigurationPlatforms) = preSolution
		Debug|Any CPU = Debug|Any CPU
		Debug|x64 = Debug|x64
		Debug|x86 = Debug|x86
		Release|Any CPU = Release|Any CPU
		Release|x64 = Release|x64
		Release|x86 = Release|x86
	EndGlobalSection
	GlobalSection(ProjectConfigurationPlatforms) = postSolution
		{AE9FDC6B-4D8C-45CC-AA5C-E8FF79C33722}.Debug|Any CPU.ActiveCfg = Debug|Any CPU
		{AE9FDC6B-4D8C-45CC-AA5C-E8FF79C33722}.Debug|Any CPU.Build.0 = Debug|Any CPU
		{AE9FDC6B-4D8C-45CC-AA5C-E8FF79C33722}.Debug|x64.ActiveCfg = Debug|Any CPU
		{AE9FDC6B-4D8C-45CC-AA5C-E8FF79C33722}.Debug|x64.Build.0 = Debug|Any CPU
		{AE9FDC6B-4D8C-45CC-AA5C-E8FF79C33722}.Debug|x86.ActiveCfg = Debug|Any CPU
		{AE9FDC6B-4D8C-45CC-AA5C-E8FF79C33722}.Debug|x86.Build.0 = Debug|Any CPU
		{AE9FDC6B-4D8C-45CC-AA5C-E8FF79C33722}.Release|Any CPU.ActiveCfg = Release|Any CPU
		{AE9FDC6B-4D8C-45CC-AA5C-E8FF79C33722}.Release|Any CPU.Build.0 = Release|Any CPU
		{AE9FDC6B-4D8C-45CC-AA5C-E8FF79C33722}.Release|x64.ActiveCfg = Release|Any CPU
		{AE9FDC6B-4D8C-45CC-AA5C-E8FF79C33722}.Release|x64.Build.0 = Release|Any CPU
		{AE9FDC6B-4D8C-45CC-AA5C-E8FF79C33722}.Release|x86.ActiveCfg = Release|Any CPU
		{AE9FDC6B-4D8C-45CC-AA5C-E8FF79C33722}.Release|x86.Build.0 = Release|Any CPU
		{C608387D-0034-44A2-B1C6-07F4B455FC0D}.Debug|Any CPU.ActiveCfg = Debug|Any CPU
		{C608387D-0034-44A2-B1C6-07F4B455FC0D}.Debug|Any CPU.Build.0 = Debug|Any CPU
		{C608387D-0034-44A2-B1C6-07F4B455FC0D}.Debug|x64.ActiveCfg = Debug|Any CPU
		{C608387D-0034-44A2-B1C6-07F4B455FC0D}.Debug|x64.Build.0 = Debug|Any CPU
		{C608387D-0034-44A2-B1C6-07F4B455FC0D}.Debug|x86.ActiveCfg = Debug|Any CPU
		{C608387D-0034-44A2-B1C6-07F4B455FC0D}.Debug|x86.Build.0 = Debug|Any CPU
		{C608387D-0034-44A2-B1C6-07F4B455FC0D}.Release|Any CPU.ActiveCfg = Release|Any CPU
		{C608387D-0034-44A2-B1C6-07F4B455FC0D}.Release|Any CPU.Build.0 = Release|Any CPU
		{C608387D-0034-44A2-B1C6-07F4B455FC0D}.Release|x64.ActiveCfg = Release|Any CPU
		{C608387D-0034-44A2-B1C6-07F4B455FC0D}.Release|x64.Build.0 = Release|Any CPU
		{C608387D-0034-44A2-B1C6-07F4B455FC0D}.Release|x86.ActiveCfg = Release|Any CPU
		{C608387D-0034-44A2-B1C6-07F4B455FC0D}.Release|x86.Build.0 = Release|Any CPU
		{521E275D-C196-4CCD-96E9-C122C3536F4B}.Debug|Any CPU.ActiveCfg = Debug|Any CPU
		{521E275D-C196-4CCD-96E9-C122C3536F4B}.Debug|Any CPU.Build.0 = Debug|Any CPU
		{521E275D-C196-4CCD-96E9-C122C3536F4B}.Debug|x64.ActiveCfg = Debug|Any CPU
		{521E275D-C196-4CCD-96E9-C122C3536F4B}.Debug|x64.Build.0 = Debug|Any CPU
		{521E275D-C196-4CCD-96E9-C122C3536F4B}.Debug|x86.ActiveCfg = Debug|Any CPU
		{521E275D-C196-4CCD-96E9-C122C3536F4B}.Debug|x86.Build.0 = Debug|Any CPU
		{521E275D-C196-4CCD-96E9-C122C3536F4B}.Release|Any CPU.ActiveCfg = Release|Any CPU
		{521E275D-C196-4CCD-96E9-C122C3536F4B}.Release|Any CPU.Build.0 = Release|Any CPU
		{521E275D-C196-4CCD-96E9-C122C3536F4B}.Release|x64.ActiveCfg = Release|Any CPU
		{521E275D-C196-4CCD-96E9-C122C3536F4B}.Release|x64.Build.0 = Release|Any CPU
		{521E275D-C196-4CCD-96E9-C122C3536F4B}.Release|x86.ActiveCfg = Release|Any CPU
		{521E275D-C196-4CCD-96E9-C122C3536F4B}.Release|x86.Build.0 = Release|Any CPU
	EndGlobalSection
	GlobalSection(SolutionProperties) = preSolution
		HideSolutionNode = FALSE
	EndGlobalSection
	GlobalSection(ExtensibilityGlobals) = postSolution
		SolutionGuid = {CD58988E-7F97-4FC1-A863-11B3B5CA8C62}
	EndGlobalSection
EndGlobal
